
Microsoft Visual Studio Solution File, Format Version 12.00
# Visual Studio Version 17
VisualStudioVersion = 17.8.34322.80
MinimumVisualStudioVersion = 10.0.40219.1
Project("{9A19103F-16F7-4668-BE54-9A1E7A4F7556}") = "Day01", "Day01\Day01.csproj", "{D5BCE242-6D92-4522-ABEE-2913BFAE7208}"
EndProject
Project("{9A19103F-16F7-4668-BE54-9A1E7A4F7556}") = "Day02", "Day02\Day02.csproj", "{EF195847-507B-4586-9E27-F263A1538225}"
EndProject
Project("{9A19103F-16F7-4668-BE54-9A1E7A4F7556}") = "Day03", "Day03\Day03.csproj", "{DBAECB70-4EC2-4558-935F-60947B6AE583}"
EndProject
Project("{9A19103F-16F7-4668-BE54-9A1E7A4F7556}") = "Tools", "Tools\Tools.csproj", "{9146F740-041B-4388-9EA7-4F5183DE094A}"
EndProject
Project("{9A19103F-16F7-4668-BE54-9A1E7A4F7556}") = "Day04", "Day04\Day04.csproj", "{7916C32C-96D2-4A40-A478-1CD5BA06BA55}"
EndProject
Project("{FAE04EC0-301F-11D3-BF4B-00C04F79EFBC}") = "Day06", "Day06\Day06.csproj", "{D04D8410-4C1C-44F5-BE2E-D8256EA6B3DF}"
EndProject
Project("{FAE04EC0-301F-11D3-BF4B-00C04F79EFBC}") = "Day05", "Day05\Day05.csproj", "{C96BCE11-03CB-404A-A957-CB1CD3D4A911}"
EndProject
Global
	GlobalSection(SolutionConfigurationPlatforms) = preSolution
		Debug|Any CPU = Debug|Any CPU
		Release|Any CPU = Release|Any CPU
	EndGlobalSection
	GlobalSection(ProjectConfigurationPlatforms) = postSolution
		{D5BCE242-6D92-4522-ABEE-2913BFAE7208}.Debug|Any CPU.ActiveCfg = Debug|Any CPU
		{D5BCE242-6D92-4522-ABEE-2913BFAE7208}.Debug|Any CPU.Build.0 = Debug|Any CPU
		{D5BCE242-6D92-4522-ABEE-2913BFAE7208}.Release|Any CPU.ActiveCfg = Release|Any CPU
		{D5BCE242-6D92-4522-ABEE-2913BFAE7208}.Release|Any CPU.Build.0 = Release|Any CPU
		{EF195847-507B-4586-9E27-F263A1538225}.Debug|Any CPU.ActiveCfg = Debug|Any CPU
		{EF195847-507B-4586-9E27-F263A1538225}.Debug|Any CPU.Build.0 = Debug|Any CPU
		{EF195847-507B-4586-9E27-F263A1538225}.Release|Any CPU.ActiveCfg = Release|Any CPU
		{EF195847-507B-4586-9E27-F263A1538225}.Release|Any CPU.Build.0 = Release|Any CPU
		{DBAECB70-4EC2-4558-935F-60947B6AE583}.Debug|Any CPU.ActiveCfg = Debug|Any CPU
		{DBAECB70-4EC2-4558-935F-60947B6AE583}.Debug|Any CPU.Build.0 = Debug|Any CPU
		{DBAECB70-4EC2-4558-935F-60947B6AE583}.Release|Any CPU.ActiveCfg = Release|Any CPU
		{DBAECB70-4EC2-4558-935F-60947B6AE583}.Release|Any CPU.Build.0 = Release|Any CPU
		{9146F740-041B-4388-9EA7-4F5183DE094A}.Debug|Any CPU.ActiveCfg = Debug|Any CPU
		{9146F740-041B-4388-9EA7-4F5183DE094A}.Debug|Any CPU.Build.0 = Debug|Any CPU
		{9146F740-041B-4388-9EA7-4F5183DE094A}.Release|Any CPU.ActiveCfg = Release|Any CPU
		{9146F740-041B-4388-9EA7-4F5183DE094A}.Release|Any CPU.Build.0 = Release|Any CPU
		{7916C32C-96D2-4A40-A478-1CD5BA06BA55}.Debug|Any CPU.ActiveCfg = Debug|Any CPU
		{7916C32C-96D2-4A40-A478-1CD5BA06BA55}.Debug|Any CPU.Build.0 = Debug|Any CPU
		{7916C32C-96D2-4A40-A478-1CD5BA06BA55}.Release|Any CPU.ActiveCfg = Release|Any CPU
		{7916C32C-96D2-4A40-A478-1CD5BA06BA55}.Release|Any CPU.Build.0 = Release|Any CPU
		{D04D8410-4C1C-44F5-BE2E-D8256EA6B3DF}.Debug|Any CPU.ActiveCfg = Debug|Any CPU
		{D04D8410-4C1C-44F5-BE2E-D8256EA6B3DF}.Debug|Any CPU.Build.0 = Debug|Any CPU
		{D04D8410-4C1C-44F5-BE2E-D8256EA6B3DF}.Release|Any CPU.ActiveCfg = Release|Any CPU
		{D04D8410-4C1C-44F5-BE2E-D8256EA6B3DF}.Release|Any CPU.Build.0 = Release|Any CPU
		{C96BCE11-03CB-404A-A957-CB1CD3D4A911}.Debug|Any CPU.ActiveCfg = Debug|Any CPU
		{C96BCE11-03CB-404A-A957-CB1CD3D4A911}.Debug|Any CPU.Build.0 = Debug|Any CPU
		{C96BCE11-03CB-404A-A957-CB1CD3D4A911}.Release|Any CPU.ActiveCfg = Release|Any CPU
		{C96BCE11-03CB-404A-A957-CB1CD3D4A911}.Release|Any CPU.Build.0 = Release|Any CPU
	EndGlobalSection
	GlobalSection(SolutionProperties) = preSolution
		HideSolutionNode = FALSE
	EndGlobalSection
	GlobalSection(ExtensibilityGlobals) = postSolution
		SolutionGuid = {13FD009A-CFA0-443F-8904-09C300745504}
	EndGlobalSection
EndGlobal
